// !$*UTF8*$!
{
	archiveVersion = 1;
	classes = {
	};
	objectVersion = 55;
	objects = {

/* Begin PBXBuildFile section */
		3B6D4B1828A7DCE5001EA838 /* README.md in Resources */ = {isa = PBXBuildFile; fileRef = 3B6D4B1728A7DCE5001EA838 /* README.md */; };
		3B9E63EC287D200D00417C4B /* AppDelegate.swift in Sources */ = {isa = PBXBuildFile; fileRef = 3B9E63EB287D200D00417C4B /* AppDelegate.swift */; };
		3B9E63EE287D200D00417C4B /* SceneDelegate.swift in Sources */ = {isa = PBXBuildFile; fileRef = 3B9E63ED287D200D00417C4B /* SceneDelegate.swift */; };
		3B9E63F0287D200D00417C4B /* EventViewController.swift in Sources */ = {isa = PBXBuildFile; fileRef = 3B9E63EF287D200D00417C4B /* EventViewController.swift */; };
		3B9E63F3287D200D00417C4B /* Main.storyboard in Resources */ = {isa = PBXBuildFile; fileRef = 3B9E63F1287D200D00417C4B /* Main.storyboard */; };
		3B9E63F8287D200F00417C4B /* Assets.xcassets in Resources */ = {isa = PBXBuildFile; fileRef = 3B9E63F7287D200F00417C4B /* Assets.xcassets */; };
		3B9E63FB287D200F00417C4B /* LaunchScreen.storyboard in Resources */ = {isa = PBXBuildFile; fileRef = 3B9E63F9287D200F00417C4B /* LaunchScreen.storyboard */; };
		3BA30DFB28952526003A3526 /* Koyal.xcdatamodeld in Sources */ = {isa = PBXBuildFile; fileRef = 3BA30DF928952526003A3526 /* Koyal.xcdatamodeld */; };
		3BA30E0228952625003A3526 /* PersistentStorage.swift in Sources */ = {isa = PBXBuildFile; fileRef = 3BA30E0128952625003A3526 /* PersistentStorage.swift */; };
		3BA30E0528954ED9003A3526 /* EventDetailTableViewController.swift in Sources */ = {isa = PBXBuildFile; fileRef = 3BA30E0428954ED9003A3526 /* EventDetailTableViewController.swift */; };
		3BA30E0728954EEC003A3526 /* CategoryTableViewController.swift in Sources */ = {isa = PBXBuildFile; fileRef = 3BA30E0628954EEC003A3526 /* CategoryTableViewController.swift */; };
		3BA30E0B28954F4E003A3526 /* EventCell.swift in Sources */ = {isa = PBXBuildFile; fileRef = 3BA30E0A28954F4E003A3526 /* EventCell.swift */; };
		3BA30E0F289570E1003A3526 /* CDEvent+CoreDataClass.swift in Sources */ = {isa = PBXBuildFile; fileRef = 3BA30E0D289570E1003A3526 /* CDEvent+CoreDataClass.swift */; };
		3BA30E10289570E1003A3526 /* CDEvent+CoreDataProperties.swift in Sources */ = {isa = PBXBuildFile; fileRef = 3BA30E0E289570E1003A3526 /* CDEvent+CoreDataProperties.swift */; };
		3BA30E13289571D2003A3526 /* Event.swift in Sources */ = {isa = PBXBuildFile; fileRef = 3BA30E12289571D2003A3526 /* Event.swift */; };
		3BA30E172895736D003A3526 /* EventDataRepository.swift in Sources */ = {isa = PBXBuildFile; fileRef = 3BA30E162895736D003A3526 /* EventDataRepository.swift */; };
		3BA30E192895737E003A3526 /* EventManager.swift in Sources */ = {isa = PBXBuildFile; fileRef = 3BA30E182895737E003A3526 /* EventManager.swift */; };
/* End PBXBuildFile section */

/* Begin PBXFileReference section */
		3B6D4B1728A7DCE5001EA838 /* README.md */ = {isa = PBXFileReference; lastKnownFileType = net.daringfireball.markdown; path = README.md; sourceTree = SOURCE_ROOT; };
		3B9E63E8287D200D00417C4B /* Koyal.app */ = {isa = PBXFileReference; explicitFileType = wrapper.application; includeInIndex = 0; path = Koyal.app; sourceTree = BUILT_PRODUCTS_DIR; };
		3B9E63EB287D200D00417C4B /* AppDelegate.swift */ = {isa = PBXFileReference; lastKnownFileType = sourcecode.swift; path = AppDelegate.swift; sourceTree = "<group>"; };
		3B9E63ED287D200D00417C4B /* SceneDelegate.swift */ = {isa = PBXFileReference; lastKnownFileType = sourcecode.swift; path = SceneDelegate.swift; sourceTree = "<group>"; };
		3B9E63EF287D200D00417C4B /* EventViewController.swift */ = {isa = PBXFileReference; lastKnownFileType = sourcecode.swift; path = EventViewController.swift; sourceTree = "<group>"; };
		3B9E63F2287D200D00417C4B /* Base */ = {isa = PBXFileReference; lastKnownFileType = file.storyboard; name = Base; path = Base.lproj/Main.storyboard; sourceTree = "<group>"; };
		3B9E63F7287D200F00417C4B /* Assets.xcassets */ = {isa = PBXFileReference; lastKnownFileType = folder.assetcatalog; path = Assets.xcassets; sourceTree = "<group>"; };
		3B9E63FA287D200F00417C4B /* Base */ = {isa = PBXFileReference; lastKnownFileType = file.storyboard; name = Base; path = Base.lproj/LaunchScreen.storyboard; sourceTree = "<group>"; };
		3B9E63FC287D200F00417C4B /* Info.plist */ = {isa = PBXFileReference; lastKnownFileType = text.plist.xml; path = Info.plist; sourceTree = "<group>"; };
		3BA30DFA28952526003A3526 /* Koyal.xcdatamodel */ = {isa = PBXFileReference; lastKnownFileType = wrapper.xcdatamodel; path = Koyal.xcdatamodel; sourceTree = "<group>"; };
		3BA30E0128952625003A3526 /* PersistentStorage.swift */ = {isa = PBXFileReference; lastKnownFileType = sourcecode.swift; path = PersistentStorage.swift; sourceTree = "<group>"; };
		3BA30E0428954ED9003A3526 /* EventDetailTableViewController.swift */ = {isa = PBXFileReference; lastKnownFileType = sourcecode.swift; path = EventDetailTableViewController.swift; sourceTree = "<group>"; };
		3BA30E0628954EEC003A3526 /* CategoryTableViewController.swift */ = {isa = PBXFileReference; lastKnownFileType = sourcecode.swift; path = CategoryTableViewController.swift; sourceTree = "<group>"; };
		3BA30E0A28954F4E003A3526 /* EventCell.swift */ = {isa = PBXFileReference; lastKnownFileType = sourcecode.swift; path = EventCell.swift; sourceTree = "<group>"; };
		3BA30E0D289570E1003A3526 /* CDEvent+CoreDataClass.swift */ = {isa = PBXFileReference; lastKnownFileType = sourcecode.swift; path = "CDEvent+CoreDataClass.swift"; sourceTree = "<group>"; };
		3BA30E0E289570E1003A3526 /* CDEvent+CoreDataProperties.swift */ = {isa = PBXFileReference; lastKnownFileType = sourcecode.swift; path = "CDEvent+CoreDataProperties.swift"; sourceTree = "<group>"; };
		3BA30E12289571D2003A3526 /* Event.swift */ = {isa = PBXFileReference; lastKnownFileType = sourcecode.swift; path = Event.swift; sourceTree = "<group>"; };
		3BA30E162895736D003A3526 /* EventDataRepository.swift */ = {isa = PBXFileReference; lastKnownFileType = sourcecode.swift; path = EventDataRepository.swift; sourceTree = "<group>"; };
		3BA30E182895737E003A3526 /* EventManager.swift */ = {isa = PBXFileReference; lastKnownFileType = sourcecode.swift; path = EventManager.swift; sourceTree = "<group>"; };
/* End PBXFileReference section */

/* Begin PBXFrameworksBuildPhase section */
		3B9E63E5287D200D00417C4B /* Frameworks */ = {
			isa = PBXFrameworksBuildPhase;
			buildActionMask = 2147483647;
			files = (
			);
			runOnlyForDeploymentPostprocessing = 0;
		};
/* End PBXFrameworksBuildPhase section */

/* Begin PBXGroup section */
		3B72A69929CB3A8A00FB36C3 /* Application */ = {
			isa = PBXGroup;
			children = (
				3B9E63EB287D200D00417C4B /* AppDelegate.swift */,
				3B9E63ED287D200D00417C4B /* SceneDelegate.swift */,
			);
			path = Application;
			sourceTree = "<group>";
		};
		3B9E63DF287D200C00417C4B = {
			isa = PBXGroup;
			children = (
				3B9E63EA287D200D00417C4B /* Koyal */,
				3B9E63E9287D200D00417C4B /* Products */,
			);
			sourceTree = "<group>";
		};
		3B9E63E9287D200D00417C4B /* Products */ = {
			isa = PBXGroup;
			children = (
				3B9E63E8287D200D00417C4B /* Koyal.app */,
			);
			name = Products;
			sourceTree = "<group>";
		};
		3B9E63EA287D200D00417C4B /* Koyal */ = {
			isa = PBXGroup;
			children = (
				3B72A69929CB3A8A00FB36C3 /* Application */,
				3BA30E1528957333003A3526 /* Repositories */,
				3BA30E142895732D003A3526 /* Managers */,
				3BA30E11289571A8003A3526 /* Models */,
				3BA30E0C28954F59003A3526 /* Views */,
				3BA30E0328954EAB003A3526 /* Controllers */,
				3BA30DFC289525A1003A3526 /* CoreDataSupportFiles */,
				3B9E63F1287D200D00417C4B /* Main.storyboard */,
				3B9E63F9287D200F00417C4B /* LaunchScreen.storyboard */,
				3B9E63F7287D200F00417C4B /* Assets.xcassets */,
				3BA30DF928952526003A3526 /* Koyal.xcdatamodeld */,
				3B9E63FC287D200F00417C4B /* Info.plist */,
				3B6D4B1728A7DCE5001EA838 /* README.md */,
			);
			path = Koyal;
			sourceTree = "<group>";
		};
		3BA30DFC289525A1003A3526 /* CoreDataSupportFiles */ = {
			isa = PBXGroup;
			children = (
				3BA30E0D289570E1003A3526 /* CDEvent+CoreDataClass.swift */,
				3BA30E0E289570E1003A3526 /* CDEvent+CoreDataProperties.swift */,
				3BA30E0128952625003A3526 /* PersistentStorage.swift */,
			);
			path = CoreDataSupportFiles;
			sourceTree = "<group>";
		};
		3BA30E0328954EAB003A3526 /* Controllers */ = {
			isa = PBXGroup;
			children = (
				3B9E63EF287D200D00417C4B /* EventViewController.swift */,
				3BA30E0428954ED9003A3526 /* EventDetailTableViewController.swift */,
				3BA30E0628954EEC003A3526 /* CategoryTableViewController.swift */,
			);
			path = Controllers;
			sourceTree = "<group>";
		};
		3BA30E0C28954F59003A3526 /* Views */ = {
			isa = PBXGroup;
			children = (
				3BA30E0A28954F4E003A3526 /* EventCell.swift */,
			);
			path = Views;
			sourceTree = "<group>";
		};
		3BA30E11289571A8003A3526 /* Models */ = {
			isa = PBXGroup;
			children = (
				3BA30E12289571D2003A3526 /* Event.swift */,
			);
			path = Models;
			sourceTree = "<group>";
		};
		3BA30E142895732D003A3526 /* Managers */ = {
			isa = PBXGroup;
			children = (
				3BA30E182895737E003A3526 /* EventManager.swift */,
			);
			path = Managers;
			sourceTree = "<group>";
		};
		3BA30E1528957333003A3526 /* Repositories */ = {
			isa = PBXGroup;
			children = (
				3BA30E162895736D003A3526 /* EventDataRepository.swift */,
			);
			path = Repositories;
			sourceTree = "<group>";
		};
/* End PBXGroup section */

/* Begin PBXNativeTarget section */
		3B9E63E7287D200D00417C4B /* Koyal */ = {
			isa = PBXNativeTarget;
			buildConfigurationList = 3B9E63FF287D200F00417C4B /* Build configuration list for PBXNativeTarget "Koyal" */;
			buildPhases = (
				3B9E63E4287D200D00417C4B /* Sources */,
				3B9E63E5287D200D00417C4B /* Frameworks */,
				3B9E63E6287D200D00417C4B /* Resources */,
				3B72A69629CB39E600FB36C3 /* SwiftLint */,
			);
			buildRules = (
			);
			dependencies = (
			);
			name = Koyal;
			productName = Koyal;
			productReference = 3B9E63E8287D200D00417C4B /* Koyal.app */;
			productType = "com.apple.product-type.application";
		};
/* End PBXNativeTarget section */

/* Begin PBXProject section */
		3B9E63E0287D200C00417C4B /* Project object */ = {
			isa = PBXProject;
			attributes = {
				BuildIndependentTargetsInParallel = 1;
				LastSwiftUpdateCheck = 1340;
				LastUpgradeCheck = 1340;
				TargetAttributes = {
					3B9E63E7287D200D00417C4B = {
						CreatedOnToolsVersion = 13.4.1;
					};
				};
			};
			buildConfigurationList = 3B9E63E3287D200C00417C4B /* Build configuration list for PBXProject "Koyal" */;
			compatibilityVersion = "Xcode 13.0";
			developmentRegion = en;
			hasScannedForEncodings = 0;
			knownRegions = (
				en,
				Base,
			);
			mainGroup = 3B9E63DF287D200C00417C4B;
			productRefGroup = 3B9E63E9287D200D00417C4B /* Products */;
			projectDirPath = "";
			projectRoot = "";
			targets = (
				3B9E63E7287D200D00417C4B /* Koyal */,
			);
		};
/* End PBXProject section */

/* Begin PBXResourcesBuildPhase section */
		3B9E63E6287D200D00417C4B /* Resources */ = {
			isa = PBXResourcesBuildPhase;
			buildActionMask = 2147483647;
			files = (
				3B9E63FB287D200F00417C4B /* LaunchScreen.storyboard in Resources */,
				3B9E63F8287D200F00417C4B /* Assets.xcassets in Resources */,
				3B6D4B1828A7DCE5001EA838 /* README.md in Resources */,
				3B9E63F3287D200D00417C4B /* Main.storyboard in Resources */,
			);
			runOnlyForDeploymentPostprocessing = 0;
		};
/* End PBXResourcesBuildPhase section */

/* Begin PBXShellScriptBuildPhase section */
		3B72A69629CB39E600FB36C3 /* SwiftLint */ = {
			isa = PBXShellScriptBuildPhase;
			alwaysOutOfDate = 1;
			buildActionMask = 2147483647;
			files = (
			);
			inputFileListPaths = (
			);
			inputPaths = (
			);
			name = SwiftLint;
			outputFileListPaths = (
			);
			outputPaths = (
			);
			runOnlyForDeploymentPostprocessing = 0;
			shellPath = /bin/sh;
			shellScript = "export PATH=\"$PATH:/opt/homebrew/bin\"\nif which swiftlint > /dev/null; then\n  swiftlint\nelse\n  echo \"warning: SwiftLint not installed, download from https://github.com/realm/SwiftLint\"\nfi\n";
		};
/* End PBXShellScriptBuildPhase section */

/* Begin PBXSourcesBuildPhase section */
		3B9E63E4287D200D00417C4B /* Sources */ = {
			isa = PBXSourcesBuildPhase;
			buildActionMask = 2147483647;
			files = (
				3BA30E10289570E1003A3526 /* CDEvent+CoreDataProperties.swift in Sources */,
				3BA30E13289571D2003A3526 /* Event.swift in Sources */,
				3B9E63F0287D200D00417C4B /* EventViewController.swift in Sources */,
				3BA30E0B28954F4E003A3526 /* EventCell.swift in Sources */,
				3B9E63EC287D200D00417C4B /* AppDelegate.swift in Sources */,
				3BA30E172895736D003A3526 /* EventDataRepository.swift in Sources */,
				3BA30E0528954ED9003A3526 /* EventDetailTableViewController.swift in Sources */,
				3BA30E0728954EEC003A3526 /* CategoryTableViewController.swift in Sources */,
				3BA30DFB28952526003A3526 /* Koyal.xcdatamodeld in Sources */,
				3B9E63EE287D200D00417C4B /* SceneDelegate.swift in Sources */,
				3BA30E0F289570E1003A3526 /* CDEvent+CoreDataClass.swift in Sources */,
				3BA30E0228952625003A3526 /* PersistentStorage.swift in Sources */,
				3BA30E192895737E003A3526 /* EventManager.swift in Sources */,
			);
			runOnlyForDeploymentPostprocessing = 0;
		};
/* End PBXSourcesBuildPhase section */

/* Begin PBXVariantGroup section */
		3B9E63F1287D200D00417C4B /* Main.storyboard */ = {
			isa = PBXVariantGroup;
			children = (
				3B9E63F2287D200D00417C4B /* Base */,
			);
			name = Main.storyboard;
			sourceTree = "<group>";
		};
		3B9E63F9287D200F00417C4B /* LaunchScreen.storyboard */ = {
			isa = PBXVariantGroup;
			children = (
				3B9E63FA287D200F00417C4B /* Base */,
			);
			name = LaunchScreen.storyboard;
			sourceTree = "<group>";
		};
/* End PBXVariantGroup section */

/* Begin XCBuildConfiguration section */
		3B9E63FD287D200F00417C4B /* Debug */ = {
			isa = XCBuildConfiguration;
			buildSettings = {
				ALWAYS_SEARCH_USER_PATHS = NO;
				CLANG_ANALYZER_NONNULL = YES;
				CLANG_ANALYZER_NUMBER_OBJECT_CONVERSION = YES_AGGRESSIVE;
				CLANG_CXX_LANGUAGE_STANDARD = "gnu++17";
				CLANG_ENABLE_MODULES = YES;
				CLANG_ENABLE_OBJC_ARC = YES;
				CLANG_ENABLE_OBJC_WEAK = YES;
				CLANG_WARN_BLOCK_CAPTURE_AUTORELEASING = YES;
				CLANG_WARN_BOOL_CONVERSION = YES;
				CLANG_WARN_COMMA = YES;
				CLANG_WARN_CONSTANT_CONVERSION = YES;
				CLANG_WARN_DEPRECATED_OBJC_IMPLEMENTATIONS = YES;
				CLANG_WARN_DIRECT_OBJC_ISA_USAGE = YES_ERROR;
				CLANG_WARN_DOCUMENTATION_COMMENTS = YES;
				CLANG_WARN_EMPTY_BODY = YES;
				CLANG_WARN_ENUM_CONVERSION = YES;
				CLANG_WARN_INFINITE_RECURSION = YES;
				CLANG_WARN_INT_CONVERSION = YES;
				CLANG_WARN_NON_LITERAL_NULL_CONVERSION = YES;
				CLANG_WARN_OBJC_IMPLICIT_RETAIN_SELF = YES;
				CLANG_WARN_OBJC_LITERAL_CONVERSION = YES;
				CLANG_WARN_OBJC_ROOT_CLASS = YES_ERROR;
				CLANG_WARN_QUOTED_INCLUDE_IN_FRAMEWORK_HEADER = YES;
				CLANG_WARN_RANGE_LOOP_ANALYSIS = YES;
				CLANG_WARN_STRICT_PROTOTYPES = YES;
				CLANG_WARN_SUSPICIOUS_MOVE = YES;
				CLANG_WARN_UNGUARDED_AVAILABILITY = YES_AGGRESSIVE;
				CLANG_WARN_UNREACHABLE_CODE = YES;
				CLANG_WARN__DUPLICATE_METHOD_MATCH = YES;
				COPY_PHASE_STRIP = NO;
				DEBUG_INFORMATION_FORMAT = dwarf;
				ENABLE_STRICT_OBJC_MSGSEND = YES;
				ENABLE_TESTABILITY = YES;
				GCC_C_LANGUAGE_STANDARD = gnu11;
				GCC_DYNAMIC_NO_PIC = NO;
				GCC_NO_COMMON_BLOCKS = YES;
				GCC_OPTIMIZATION_LEVEL = 0;
				GCC_PREPROCESSOR_DEFINITIONS = (
					"DEBUG=1",
					"$(inherited)",
				);
				GCC_WARN_64_TO_32_BIT_CONVERSION = YES;
				GCC_WARN_ABOUT_RETURN_TYPE = YES_ERROR;
				GCC_WARN_UNDECLARED_SELECTOR = YES;
				GCC_WARN_UNINITIALIZED_AUTOS = YES_AGGRESSIVE;
				GCC_WARN_UNUSED_FUNCTION = YES;
				GCC_WARN_UNUSED_VARIABLE = YES;
				INFOPLIST_KEY_UIUserInterfaceStyle = Dark;
				IPHONEOS_DEPLOYMENT_TARGET = 15.5;
				MTL_ENABLE_DEBUG_INFO = INCLUDE_SOURCE;
				MTL_FAST_MATH = YES;
				ONLY_ACTIVE_ARCH = YES;
				SDKROOT = iphoneos;
				SWIFT_ACTIVE_COMPILATION_CONDITIONS = DEBUG;
				SWIFT_OPTIMIZATION_LEVEL = "-Onone";
			};
			name = Debug;
		};
		3B9E63FE287D200F00417C4B /* Release */ = {
			isa = XCBuildConfiguration;
			buildSettings = {
				ALWAYS_SEARCH_USER_PATHS = NO;
				CLANG_ANALYZER_NONNULL = YES;
				CLANG_ANALYZER_NUMBER_OBJECT_CONVERSION = YES_AGGRESSIVE;
				CLANG_CXX_LANGUAGE_STANDARD = "gnu++17";
				CLANG_ENABLE_MODULES = YES;
				CLANG_ENABLE_OBJC_ARC = YES;
				CLANG_ENABLE_OBJC_WEAK = YES;
				CLANG_WARN_BLOCK_CAPTURE_AUTORELEASING = YES;
				CLANG_WARN_BOOL_CONVERSION = YES;
				CLANG_WARN_COMMA = YES;
				CLANG_WARN_CONSTANT_CONVERSION = YES;
				CLANG_WARN_DEPRECATED_OBJC_IMPLEMENTATIONS = YES;
				CLANG_WARN_DIRECT_OBJC_ISA_USAGE = YES_ERROR;
				CLANG_WARN_DOCUMENTATION_COMMENTS = YES;
				CLANG_WARN_EMPTY_BODY = YES;
				CLANG_WARN_ENUM_CONVERSION = YES;
				CLANG_WARN_INFINITE_RECURSION = YES;
				CLANG_WARN_INT_CONVERSION = YES;
				CLANG_WARN_NON_LITERAL_NULL_CONVERSION = YES;
				CLANG_WARN_OBJC_IMPLICIT_RETAIN_SELF = YES;
				CLANG_WARN_OBJC_LITERAL_CONVERSION = YES;
				CLANG_WARN_OBJC_ROOT_CLASS = YES_ERROR;
				CLANG_WARN_QUOTED_INCLUDE_IN_FRAMEWORK_HEADER = YES;
				CLANG_WARN_RANGE_LOOP_ANALYSIS = YES;
				CLANG_WARN_STRICT_PROTOTYPES = YES;
				CLANG_WARN_SUSPICIOUS_MOVE = YES;
				CLANG_WARN_UNGUARDED_AVAILABILITY = YES_AGGRESSIVE;
				CLANG_WARN_UNREACHABLE_CODE = YES;
				CLANG_WARN__DUPLICATE_METHOD_MATCH = YES;
				COPY_PHASE_STRIP = NO;
				DEBUG_INFORMATION_FORMAT = "dwarf-with-dsym";
				ENABLE_NS_ASSERTIONS = NO;
				ENABLE_STRICT_OBJC_MSGSEND = YES;
				GCC_C_LANGUAGE_STANDARD = gnu11;
				GCC_NO_COMMON_BLOCKS = YES;
				GCC_WARN_64_TO_32_BIT_CONVERSION = YES;
				GCC_WARN_ABOUT_RETURN_TYPE = YES_ERROR;
				GCC_WARN_UNDECLARED_SELECTOR = YES;
				GCC_WARN_UNINITIALIZED_AUTOS = YES_AGGRESSIVE;
				GCC_WARN_UNUSED_FUNCTION = YES;
				GCC_WARN_UNUSED_VARIABLE = YES;
				INFOPLIST_KEY_UIUserInterfaceStyle = Dark;
				IPHONEOS_DEPLOYMENT_TARGET = 15.5;
				MTL_ENABLE_DEBUG_INFO = NO;
				MTL_FAST_MATH = YES;
				SDKROOT = iphoneos;
				SWIFT_COMPILATION_MODE = wholemodule;
				SWIFT_OPTIMIZATION_LEVEL = "-O";
				VALIDATE_PRODUCT = YES;
			};
			name = Release;
		};
		3B9E6400287D200F00417C4B /* Debug */ = {
			isa = XCBuildConfiguration;
			buildSettings = {
				ASSETCATALOG_COMPILER_APPICON_NAME = AppIcon;
				ASSETCATALOG_COMPILER_GLOBAL_ACCENT_COLOR_NAME = AccentColor;
				CODE_SIGN_STYLE = Automatic;
				CURRENT_PROJECT_VERSION = 1;
				DEVELOPMENT_TEAM = 372C6ZRL6X;
				GENERATE_INFOPLIST_FILE = YES;
				INFOPLIST_FILE = Koyal/Info.plist;
				INFOPLIST_KEY_UIApplicationSupportsIndirectInputEvents = YES;
				INFOPLIST_KEY_UILaunchStoryboardName = LaunchScreen;
				INFOPLIST_KEY_UIMainStoryboardFile = Main;
				INFOPLIST_KEY_UISupportedInterfaceOrientations_iPad = "UIInterfaceOrientationPortrait UIInterfaceOrientationPortraitUpsideDown UIInterfaceOrientationLandscapeLeft UIInterfaceOrientationLandscapeRight";
				INFOPLIST_KEY_UISupportedInterfaceOrientations_iPhone = "UIInterfaceOrientationPortrait UIInterfaceOrientationLandscapeLeft UIInterfaceOrientationLandscapeRight";
				LD_RUNPATH_SEARCH_PATHS = (
					"$(inherited)",
					"@executable_path/Frameworks",
				);
				MARKETING_VERSION = 1.0;
				PRODUCT_BUNDLE_IDENTIFIER = com.abhinaypratap.Koyal;
				PRODUCT_NAME = "$(TARGET_NAME)";
				SWIFT_EMIT_LOC_STRINGS = YES;
				SWIFT_VERSION = 5.0;
				TARGETED_DEVICE_FAMILY = 1;
			};
			name = Debug;
		};
		3B9E6401287D200F00417C4B /* Release */ = {
			isa = XCBuildConfiguration;
			buildSettings = {
				ASSETCATALOG_COMPILER_APPICON_NAME = AppIcon;
				ASSETCATALOG_COMPILER_GLOBAL_ACCENT_COLOR_NAME = AccentColor;
				CODE_SIGN_STYLE = Automatic;
				CURRENT_PROJECT_VERSION = 1;
				DEVELOPMENT_TEAM = 372C6ZRL6X;
				GENERATE_INFOPLIST_FILE = YES;
				INFOPLIST_FILE = Koyal/Info.plist;
				INFOPLIST_KEY_UIApplicationSupportsIndirectInputEvents = YES;
				INFOPLIST_KEY_UILaunchStoryboardName = LaunchScreen;
				INFOPLIST_KEY_UIMainStoryboardFile = Main;
				INFOPLIST_KEY_UISupportedInterfaceOrientations_iPad = "UIInterfaceOrientationPortrait UIInterfaceOrientationPortraitUpsideDown UIInterfaceOrientationLandscapeLeft UIInterfaceOrientationLandscapeRight";
				INFOPLIST_KEY_UISupportedInterfaceOrientations_iPhone = "UIInterfaceOrientationPortrait UIInterfaceOrientationLandscapeLeft UIInterfaceOrientationLandscapeRight";
				LD_RUNPATH_SEARCH_PATHS = (
					"$(inherited)",
					"@executable_path/Frameworks",
				);
				MARKETING_VERSION = 1.0;
				PRODUCT_BUNDLE_IDENTIFIER = com.abhinaypratap.Koyal;
				PRODUCT_NAME = "$(TARGET_NAME)";
				SWIFT_EMIT_LOC_STRINGS = YES;
				SWIFT_VERSION = 5.0;
				TARGETED_DEVICE_FAMILY = 1;
			};
			name = Release;
		};
/* End XCBuildConfiguration section */

/* Begin XCConfigurationList section */
		3B9E63E3287D200C00417C4B /* Build configuration list for PBXProject "Koyal" */ = {
			isa = XCConfigurationList;
			buildConfigurations = (
				3B9E63FD287D200F00417C4B /* Debug */,
				3B9E63FE287D200F00417C4B /* Release */,
			);
			defaultConfigurationIsVisible = 0;
			defaultConfigurationName = Release;
		};
		3B9E63FF287D200F00417C4B /* Build configuration list for PBXNativeTarget "Koyal" */ = {
			isa = XCConfigurationList;
			buildConfigurations = (
				3B9E6400287D200F00417C4B /* Debug */,
				3B9E6401287D200F00417C4B /* Release */,
			);
			defaultConfigurationIsVisible = 0;
			defaultConfigurationName = Release;
		};
/* End XCConfigurationList section */

/* Begin XCVersionGroup section */
		3BA30DF928952526003A3526 /* Koyal.xcdatamodeld */ = {
			isa = XCVersionGroup;
			children = (
				3BA30DFA28952526003A3526 /* Koyal.xcdatamodel */,
			);
			currentVersion = 3BA30DFA28952526003A3526 /* Koyal.xcdatamodel */;
			path = Koyal.xcdatamodeld;
			sourceTree = SOURCE_ROOT;
			versionGroupType = wrapper.xcdatamodel;
		};
/* End XCVersionGroup section */
	};
	rootObject = 3B9E63E0287D200C00417C4B /* Project object */;
}
